
Microsoft Visual Studio Solution File, Format Version 12.00
# Visual Studio 15
VisualStudioVersion = 15.0.27130.2027
MinimumVisualStudioVersion = 10.0.40219.1
Project("{FAE04EC0-301F-11D3-BF4B-00C04F79EFBC}") = "InstallerProject", "InstallerProject.csproj", "{0E034243-39A9-4CB0-A7C3-93FFDB5F82F2}"
EndProject
Project("{FAE04EC0-301F-11D3-BF4B-00C04F79EFBC}") = "CM.WPF", "..\CM.WPF\CM.WPF.csproj", "{75E2AEE3-08FA-4B9D-AD97-7606C869B67E}"
EndProject
Project("{FAE04EC0-301F-11D3-BF4B-00C04F79EFBC}") = "Bootstrapper.SimpleContainer", "..\ItemTemplates\Bootstrapper.SimpleContainer\Bootstrapper.SimpleContainer.csproj", "{5C1F7D68-267B-4B6D-B405-4BC35C7F3317}"
EndProject
Project("{FAE04EC0-301F-11D3-BF4B-00C04F79EFBC}") = "Bootstrapper.MEF", "..\ItemTemplates\Bootstrapper.MEF\Bootstrapper.MEF.csproj", "{39E02F9B-CD4F-4CFD-94C0-EFC8B09C4C17}"
EndProject
Project("{FAE04EC0-301F-11D3-BF4B-00C04F79EFBC}") = "Bootstrapper.Unity", "..\ItemTemplates\Bootstrapper.Unity\Bootstrapper.Unity.csproj", "{16752273-ACF1-4881-B245-3450ECACDA35}"
EndProject
Global
	GlobalSection(SolutionConfigurationPlatforms) = preSolution
		Debug|Any CPU = Debug|Any CPU
		Release|Any CPU = Release|Any CPU
	EndGlobalSection
	GlobalSection(ProjectConfigurationPlatforms) = postSolution
		{0E034243-39A9-4CB0-A7C3-93FFDB5F82F2}.Debug|Any CPU.ActiveCfg = Debug|Any CPU
		{0E034243-39A9-4CB0-A7C3-93FFDB5F82F2}.Debug|Any CPU.Build.0 = Debug|Any CPU
		{0E034243-39A9-4CB0-A7C3-93FFDB5F82F2}.Release|Any CPU.ActiveCfg = Release|Any CPU
		{0E034243-39A9-4CB0-A7C3-93FFDB5F82F2}.Release|Any CPU.Build.0 = Release|Any CPU
		{75E2AEE3-08FA-4B9D-AD97-7606C869B67E}.Debug|Any CPU.ActiveCfg = Debug|Any CPU
		{75E2AEE3-08FA-4B9D-AD97-7606C869B67E}.Debug|Any CPU.Build.0 = Debug|Any CPU
		{75E2AEE3-08FA-4B9D-AD97-7606C869B67E}.Release|Any CPU.ActiveCfg = Release|Any CPU
		{75E2AEE3-08FA-4B9D-AD97-7606C869B67E}.Release|Any CPU.Build.0 = Release|Any CPU
		{5C1F7D68-267B-4B6D-B405-4BC35C7F3317}.Debug|Any CPU.ActiveCfg = Debug|Any CPU
		{5C1F7D68-267B-4B6D-B405-4BC35C7F3317}.Debug|Any CPU.Build.0 = Debug|Any CPU
		{5C1F7D68-267B-4B6D-B405-4BC35C7F3317}.Release|Any CPU.ActiveCfg = Release|Any CPU
		{5C1F7D68-267B-4B6D-B405-4BC35C7F3317}.Release|Any CPU.Build.0 = Release|Any CPU
		{39E02F9B-CD4F-4CFD-94C0-EFC8B09C4C17}.Debug|Any CPU.ActiveCfg = Debug|Any CPU
		{39E02F9B-CD4F-4CFD-94C0-EFC8B09C4C17}.Debug|Any CPU.Build.0 = Debug|Any CPU
		{39E02F9B-CD4F-4CFD-94C0-EFC8B09C4C17}.Release|Any CPU.ActiveCfg = Release|Any CPU
		{39E02F9B-CD4F-4CFD-94C0-EFC8B09C4C17}.Release|Any CPU.Build.0 = Release|Any CPU
		{16752273-ACF1-4881-B245-3450ECACDA35}.Debug|Any CPU.ActiveCfg = Debug|Any CPU
		{16752273-ACF1-4881-B245-3450ECACDA35}.Debug|Any CPU.Build.0 = Debug|Any CPU
		{16752273-ACF1-4881-B245-3450ECACDA35}.Release|Any CPU.ActiveCfg = Release|Any CPU
		{16752273-ACF1-4881-B245-3450ECACDA35}.Release|Any CPU.Build.0 = Release|Any CPU
	EndGlobalSection
	GlobalSection(SolutionProperties) = preSolution
		HideSolutionNode = FALSE
	EndGlobalSection
	GlobalSection(ExtensibilityGlobals) = postSolution
		SolutionGuid = {A42651FA-738A-4E7F-BF2E-BFFFAC61CE7C}
	EndGlobalSection
EndGlobal
