
Microsoft Visual Studio Solution File, Format Version 12.00
# Visual Studio 15
VisualStudioVersion = 15.0.27130.2027
MinimumVisualStudioVersion = 10.0.40219.1
Project("{FAE04EC0-301F-11D3-BF4B-00C04F79EFBC}") = "Bootstraper.MEF", "Bootstraper.MEF.csproj", "{E69AF6B1-F796-49B2-88DC-BA2F917A594B}"
EndProject
Global
	GlobalSection(SolutionConfigurationPlatforms) = preSolution
		Debug|Any CPU = Debug|Any CPU
		Release|Any CPU = Release|Any CPU
	EndGlobalSection
	GlobalSection(ProjectConfigurationPlatforms) = postSolution
		{E69AF6B1-F796-49B2-88DC-BA2F917A594B}.Debug|Any CPU.ActiveCfg = Debug|Any CPU
		{E69AF6B1-F796-49B2-88DC-BA2F917A594B}.Debug|Any CPU.Build.0 = Debug|Any CPU
		{E69AF6B1-F796-49B2-88DC-BA2F917A594B}.Release|Any CPU.ActiveCfg = Release|Any CPU
		{E69AF6B1-F796-49B2-88DC-BA2F917A594B}.Release|Any CPU.Build.0 = Release|Any CPU
	EndGlobalSection
	GlobalSection(SolutionProperties) = preSolution
		HideSolutionNode = FALSE
	EndGlobalSection
	GlobalSection(ExtensibilityGlobals) = postSolution
		SolutionGuid = {1EA29A82-E4F1-4DFE-9F58-46B1913B11AA}
	EndGlobalSection
EndGlobal
